
Microsoft Visual Studio Solution File, Format Version 12.00
# Visual Studio Version 17
VisualStudioVersion = 17.4.33213.308
MinimumVisualStudioVersion = 10.0.40219.1
Project("{FAE04EC0-301F-11D3-BF4B-00C04F79EFBC}") = "AnotherGame", "AnotherGame.csproj", "{DE8C7447-6DA6-45E3-933F-8F70358B7BBB}"
EndProject
Global
	GlobalSection(SolutionConfigurationPlatforms) = preSolution
		Debug|Any CPU = Debug|Any CPU
		Release|Any CPU = Release|Any CPU
	EndGlobalSection
	GlobalSection(ProjectConfigurationPlatforms) = postSolution
		{DE8C7447-6DA6-45E3-933F-8F70358B7BBB}.Debug|Any CPU.ActiveCfg = Debug|Any CPU
		{DE8C7447-6DA6-45E3-933F-8F70358B7BBB}.Debug|Any CPU.Build.0 = Debug|Any CPU
		{DE8C7447-6DA6-45E3-933F-8F70358B7BBB}.Release|Any CPU.ActiveCfg = Release|Any CPU
		{DE8C7447-6DA6-45E3-933F-8F70358B7BBB}.Release|Any CPU.Build.0 = Release|Any CPU
	EndGlobalSection
	GlobalSection(SolutionProperties) = preSolution
		HideSolutionNode = FALSE
	EndGlobalSection
	GlobalSection(ExtensibilityGlobals) = postSolution
		SolutionGuid = {D752CD2D-01DB-4F96-85FF-FC6A94131382}
	EndGlobalSection
EndGlobal
