
Microsoft Visual Studio Solution File, Format Version 12.00
# Visual Studio Version 17
VisualStudioVersion = 17.5.33424.131
MinimumVisualStudioVersion = 10.0.40219.1
Project("{FAE04EC0-301F-11D3-BF4B-00C04F79EFBC}") = "TheTrader", "TheTrader.csproj", "{B5E7FB8D-8ADC-458E-B2A0-D0DFA679722A}"
EndProject
Global
	GlobalSection(SolutionConfigurationPlatforms) = preSolution
		Debug|Any CPU = Debug|Any CPU
		Release|Any CPU = Release|Any CPU
	EndGlobalSection
	GlobalSection(ProjectConfigurationPlatforms) = postSolution
		{B5E7FB8D-8ADC-458E-B2A0-D0DFA679722A}.Debug|Any CPU.ActiveCfg = Debug|Any CPU
		{B5E7FB8D-8ADC-458E-B2A0-D0DFA679722A}.Debug|Any CPU.Build.0 = Debug|Any CPU
		{B5E7FB8D-8ADC-458E-B2A0-D0DFA679722A}.Release|Any CPU.ActiveCfg = Release|Any CPU
		{B5E7FB8D-8ADC-458E-B2A0-D0DFA679722A}.Release|Any CPU.Build.0 = Release|Any CPU
	EndGlobalSection
	GlobalSection(SolutionProperties) = preSolution
		HideSolutionNode = FALSE
	EndGlobalSection
	GlobalSection(ExtensibilityGlobals) = postSolution
		SolutionGuid = {6D2094FC-928C-4B4B-B44D-8BEFB21C9525}
	EndGlobalSection
EndGlobal
